{
  "name": "goblin-cache",
  "version": "1.0.0",
  "lockfileVersion": 2,
  "requires": true,
  "packages": {
    "": {
      "name": "goblin-cache",
      "version": "1.0.0",
      "license": "MIT",
      "dependencies": {
        "lru-cache": "^10.0.1",
        "typescript": "^5.2.2"
      },
      "devDependencies": {
        "@types/lru-cache": "^7.10.10"
      }
    },
    "node_modules/@types/lru-cache": {
      "version": "7.10.10",
      "resolved": "https://registry.npmjs.org/@types/lru-cache/-/lru-cache-7.10.10.tgz",
      "integrity": "sha512-nEpVRPWW9EBmx2SCfNn3ClYxPL7IktPX12HhIoSc/H5mMjdeW3+YsXIpseLQ2xF35+OcpwKQbEUw5VtqE4PDNA==",
      "deprecated": "This is a stub types definition. lru-cache provides its own type definitions, so you do not need this installed.",
      "dev": true,
      "dependencies": {
        "lru-cache": "*"
      }
    },
    "node_modules/lru-cache": {
      "version": "10.0.1",
      "resolved": "https://registry.npmjs.org/lru-cache/-/lru-cache-10.0.1.tgz",
      "integrity": "sha512-IJ4uwUTi2qCccrioU6g9g/5rvvVl13bsdczUUcqbciD9iLr095yj8DQKdObriEvuNSx325N1rV1O0sJFszx75g==",
      "engines": {
        "node": "14 || >=16.14"
      }
    },
    "node_modules/typescript": {
      "version": "5.2.2",
      "resolved": "https://registry.npmjs.org/typescript/-/typescript-5.2.2.tgz",
      "integrity": "sha512-mI4WrpHsbCIcwT9cF4FZvr80QUeKvsUsUvKDoR+X/7XHQH98xYD8YHZg7ANtz2GtZt/CBq2QJ0thkGJMHfqc1w==",
      "bin": {
        "tsc": "bin/tsc",
        "tsserver": "bin/tsserver"
      },
      "engines": {
        "node": ">=14.17"
      }
    }
  },
  "dependencies": {
    "@types/lru-cache": {
      "version": "7.10.10",
      "resolved": "https://registry.npmjs.org/@types/lru-cache/-/lru-cache-7.10.10.tgz",
      "integrity": "sha512-nEpVRPWW9EBmx2SCfNn3ClYxPL7IktPX12HhIoSc/H5mMjdeW3+YsXIpseLQ2xF35+OcpwKQbEUw5VtqE4PDNA==",
      "dev": true,
      "requires": {
        "lru-cache": "*"
      }
    },
    "lru-cache": {
      "version": "10.0.1",
      "resolved": "https://registry.npmjs.org/lru-cache/-/lru-cache-10.0.1.tgz",
      "integrity": "sha512-IJ4uwUTi2qCccrioU6g9g/5rvvVl13bsdczUUcqbciD9iLr095yj8DQKdObriEvuNSx325N1rV1O0sJFszx75g=="
    },
    "typescript": {
      "version": "5.2.2",
      "resolved": "https://registry.npmjs.org/typescript/-/typescript-5.2.2.tgz",
      "integrity": "sha512-mI4WrpHsbCIcwT9cF4FZvr80QUeKvsUsUvKDoR+X/7XHQH98xYD8YHZg7ANtz2GtZt/CBq2QJ0thkGJMHfqc1w=="
    }
  }
}
