{
  "name": "goblin-cache",
  "version": "1.1.0",
  "lockfileVersion": 2,
  "requires": true,
  "packages": {
    "": {
      "name": "goblin-cache",
      "version": "1.1.0",
      "license": "MIT",
      "dependencies": {
        "generic-pool": "^3.9.0",
        "idb": "^7.1.1",
        "lodash": "^4.17.21",
        "lru-cache": "^10.1.0",
        "promise-ladder": "^1.0.4",
        "typescript": "^5.2.2"
      },
      "devDependencies": {
        "@types/lodash": "^4.14.202",
        "@types/lru-cache": "^7.10.10",
        "@types/node": "^20.10.1"
      }
    },
    "node_modules/@types/lodash": {
      "version": "4.14.202",
      "resolved": "https://registry.npmjs.org/@types/lodash/-/lodash-4.14.202.tgz",
      "integrity": "sha512-OvlIYQK9tNneDlS0VN54LLd5uiPCBOp7gS5Z0f1mjoJYBrtStzgmJBxONW3U6OZqdtNzZPmn9BS/7WI7BFFcFQ==",
      "dev": true
    },
    "node_modules/@types/lru-cache": {
      "version": "7.10.10",
      "resolved": "https://registry.npmjs.org/@types/lru-cache/-/lru-cache-7.10.10.tgz",
      "integrity": "sha512-nEpVRPWW9EBmx2SCfNn3ClYxPL7IktPX12HhIoSc/H5mMjdeW3+YsXIpseLQ2xF35+OcpwKQbEUw5VtqE4PDNA==",
      "deprecated": "This is a stub types definition. lru-cache provides its own type definitions, so you do not need this installed.",
      "dev": true,
      "dependencies": {
        "lru-cache": "*"
      }
    },
    "node_modules/@types/node": {
      "version": "20.10.1",
      "resolved": "https://registry.npmjs.org/@types/node/-/node-20.10.1.tgz",
      "integrity": "sha512-T2qwhjWwGH81vUEx4EXmBKsTJRXFXNZTL4v0gi01+zyBmCwzE6TyHszqX01m+QHTEq+EZNo13NeJIdEqf+Myrg==",
      "dev": true,
      "dependencies": {
        "undici-types": "~5.26.4"
      }
    },
    "node_modules/generic-pool": {
      "version": "3.9.0",
      "resolved": "https://registry.npmjs.org/generic-pool/-/generic-pool-3.9.0.tgz",
      "integrity": "sha512-hymDOu5B53XvN4QT9dBmZxPX4CWhBPPLguTZ9MMFeFa/Kg0xWVfylOVNlJji/E7yTZWFd/q9GO5TxDLq156D7g==",
      "engines": {
        "node": ">= 4"
      }
    },
    "node_modules/idb": {
      "version": "7.1.1",
      "resolved": "https://registry.npmjs.org/idb/-/idb-7.1.1.tgz",
      "integrity": "sha512-gchesWBzyvGHRO9W8tzUWFDycow5gwjvFKfyV9FF32Y7F50yZMp7mP+T2mJIWFx49zicqyC4uefHM17o6xKIVQ=="
    },
    "node_modules/lodash": {
      "version": "4.17.21",
      "resolved": "https://registry.npmjs.org/lodash/-/lodash-4.17.21.tgz",
      "integrity": "sha512-v2kDEe57lecTulaDIuNTPy3Ry4gLGJ6Z1O3vE1krgXZNrsQ+LFTGHVxVjcXPs17LhbZVGedAJv8XZ1tvj5FvSg=="
    },
    "node_modules/lru-cache": {
      "version": "10.1.0",
      "resolved": "https://registry.npmjs.org/lru-cache/-/lru-cache-10.1.0.tgz",
      "integrity": "sha512-/1clY/ui8CzjKFyjdvwPWJUYKiFVXG2I2cY0ssG7h4+hwk+XOIX7ZSG9Q7TW8TW3Kp3BUSqgFWBLgL4PJ+Blag==",
      "engines": {
        "node": "14 || >=16.14"
      }
    },
    "node_modules/promise-ladder": {
      "version": "1.0.4",
      "resolved": "https://registry.npmjs.org/promise-ladder/-/promise-ladder-1.0.4.tgz",
      "integrity": "sha512-DTM+rNADhl7A3yIxe10HhhQUhbAS29DOO4/HpscGl4Kn6zSgsrcucPDU8AdrRc7B2H5GhvjFh8wUoyEHrrtRkw==",
      "dependencies": {
        "lodash": "^4.17.21",
        "lru-cache": "^10.1.0"
      }
    },
    "node_modules/typescript": {
      "version": "5.3.2",
      "resolved": "https://registry.npmjs.org/typescript/-/typescript-5.3.2.tgz",
      "integrity": "sha512-6l+RyNy7oAHDfxC4FzSJcz9vnjTKxrLpDG5M2Vu4SHRVNg6xzqZp6LYSR9zjqQTu8DU/f5xwxUdADOkbrIX2gQ==",
      "bin": {
        "tsc": "bin/tsc",
        "tsserver": "bin/tsserver"
      },
      "engines": {
        "node": ">=14.17"
      }
    },
    "node_modules/undici-types": {
      "version": "5.26.5",
      "resolved": "https://registry.npmjs.org/undici-types/-/undici-types-5.26.5.tgz",
      "integrity": "sha512-JlCMO+ehdEIKqlFxk6IfVoAUVmgz7cU7zD/h9XZ0qzeosSHmUJVOzSQvvYSYWXkFXC+IfLKSIffhv0sVZup6pA==",
      "dev": true
    }
  },
  "dependencies": {
    "@types/lodash": {
      "version": "4.14.202",
      "resolved": "https://registry.npmjs.org/@types/lodash/-/lodash-4.14.202.tgz",
      "integrity": "sha512-OvlIYQK9tNneDlS0VN54LLd5uiPCBOp7gS5Z0f1mjoJYBrtStzgmJBxONW3U6OZqdtNzZPmn9BS/7WI7BFFcFQ==",
      "dev": true
    },
    "@types/lru-cache": {
      "version": "7.10.10",
      "resolved": "https://registry.npmjs.org/@types/lru-cache/-/lru-cache-7.10.10.tgz",
      "integrity": "sha512-nEpVRPWW9EBmx2SCfNn3ClYxPL7IktPX12HhIoSc/H5mMjdeW3+YsXIpseLQ2xF35+OcpwKQbEUw5VtqE4PDNA==",
      "dev": true,
      "requires": {
        "lru-cache": "*"
      }
    },
    "@types/node": {
      "version": "20.10.1",
      "resolved": "https://registry.npmjs.org/@types/node/-/node-20.10.1.tgz",
      "integrity": "sha512-T2qwhjWwGH81vUEx4EXmBKsTJRXFXNZTL4v0gi01+zyBmCwzE6TyHszqX01m+QHTEq+EZNo13NeJIdEqf+Myrg==",
      "dev": true,
      "requires": {
        "undici-types": "~5.26.4"
      }
    },
    "generic-pool": {
      "version": "3.9.0",
      "resolved": "https://registry.npmjs.org/generic-pool/-/generic-pool-3.9.0.tgz",
      "integrity": "sha512-hymDOu5B53XvN4QT9dBmZxPX4CWhBPPLguTZ9MMFeFa/Kg0xWVfylOVNlJji/E7yTZWFd/q9GO5TxDLq156D7g=="
    },
    "idb": {
      "version": "7.1.1",
      "resolved": "https://registry.npmjs.org/idb/-/idb-7.1.1.tgz",
      "integrity": "sha512-gchesWBzyvGHRO9W8tzUWFDycow5gwjvFKfyV9FF32Y7F50yZMp7mP+T2mJIWFx49zicqyC4uefHM17o6xKIVQ=="
    },
    "lodash": {
      "version": "4.17.21",
      "resolved": "https://registry.npmjs.org/lodash/-/lodash-4.17.21.tgz",
      "integrity": "sha512-v2kDEe57lecTulaDIuNTPy3Ry4gLGJ6Z1O3vE1krgXZNrsQ+LFTGHVxVjcXPs17LhbZVGedAJv8XZ1tvj5FvSg=="
    },
    "lru-cache": {
      "version": "10.1.0",
      "resolved": "https://registry.npmjs.org/lru-cache/-/lru-cache-10.1.0.tgz",
      "integrity": "sha512-/1clY/ui8CzjKFyjdvwPWJUYKiFVXG2I2cY0ssG7h4+hwk+XOIX7ZSG9Q7TW8TW3Kp3BUSqgFWBLgL4PJ+Blag=="
    },
    "promise-ladder": {
      "version": "1.0.4",
      "resolved": "https://registry.npmjs.org/promise-ladder/-/promise-ladder-1.0.4.tgz",
      "integrity": "sha512-DTM+rNADhl7A3yIxe10HhhQUhbAS29DOO4/HpscGl4Kn6zSgsrcucPDU8AdrRc7B2H5GhvjFh8wUoyEHrrtRkw==",
      "requires": {
        "lodash": "^4.17.21",
        "lru-cache": "^10.1.0"
      }
    },
    "typescript": {
      "version": "5.3.2",
      "resolved": "https://registry.npmjs.org/typescript/-/typescript-5.3.2.tgz",
      "integrity": "sha512-6l+RyNy7oAHDfxC4FzSJcz9vnjTKxrLpDG5M2Vu4SHRVNg6xzqZp6LYSR9zjqQTu8DU/f5xwxUdADOkbrIX2gQ=="
    },
    "undici-types": {
      "version": "5.26.5",
      "resolved": "https://registry.npmjs.org/undici-types/-/undici-types-5.26.5.tgz",
      "integrity": "sha512-JlCMO+ehdEIKqlFxk6IfVoAUVmgz7cU7zD/h9XZ0qzeosSHmUJVOzSQvvYSYWXkFXC+IfLKSIffhv0sVZup6pA==",
      "dev": true
    }
  }
}
